
Microsoft Visual Studio Solution File, Format Version 12.00
# Visual Studio Version 17
VisualStudioVersion = 17.7.34221.43
MinimumVisualStudioVersion = 10.0.40219.1
Project("{9A19103F-16F7-4668-BE54-9A1E7A4F7556}") = "01. Secret Chat", "01. Secret Chat\01. Secret Chat.csproj", "{5EA7D451-3ED1-4368-9CDA-C971639E7489}"
EndProject
Project("{FAE04EC0-301F-11D3-BF4B-00C04F79EFBC}") = "02. Mirror Words", "02. Mirror Words\02. Mirror Words.csproj", "{24F6AC48-2C2A-4324-9132-A8CE4101BF36}"
EndProject
Global
	GlobalSection(SolutionConfigurationPlatforms) = preSolution
		Debug|Any CPU = Debug|Any CPU
		Release|Any CPU = Release|Any CPU
	EndGlobalSection
	GlobalSection(ProjectConfigurationPlatforms) = postSolution
		{5EA7D451-3ED1-4368-9CDA-C971639E7489}.Debug|Any CPU.ActiveCfg = Debug|Any CPU
		{5EA7D451-3ED1-4368-9CDA-C971639E7489}.Debug|Any CPU.Build.0 = Debug|Any CPU
		{5EA7D451-3ED1-4368-9CDA-C971639E7489}.Release|Any CPU.ActiveCfg = Release|Any CPU
		{5EA7D451-3ED1-4368-9CDA-C971639E7489}.Release|Any CPU.Build.0 = Release|Any CPU
		{24F6AC48-2C2A-4324-9132-A8CE4101BF36}.Debug|Any CPU.ActiveCfg = Debug|Any CPU
		{24F6AC48-2C2A-4324-9132-A8CE4101BF36}.Debug|Any CPU.Build.0 = Debug|Any CPU
		{24F6AC48-2C2A-4324-9132-A8CE4101BF36}.Release|Any CPU.ActiveCfg = Release|Any CPU
		{24F6AC48-2C2A-4324-9132-A8CE4101BF36}.Release|Any CPU.Build.0 = Release|Any CPU
	EndGlobalSection
	GlobalSection(SolutionProperties) = preSolution
		HideSolutionNode = FALSE
	EndGlobalSection
	GlobalSection(ExtensibilityGlobals) = postSolution
		SolutionGuid = {BC945443-1378-4BEE-BF0F-879396101C3A}
	EndGlobalSection
EndGlobal
