
Microsoft Visual Studio Solution File, Format Version 12.00
# Visual Studio Version 17
VisualStudioVersion = 17.8.34330.188
MinimumVisualStudioVersion = 10.0.40219.1
Project("{9A19103F-16F7-4668-BE54-9A1E7A4F7556}") = "MySchoolWebApplication", "WebApplication1\MySchoolWebApplication.csproj", "{4227E541-90EA-4EC8-A9CF-D95F4575D821}"
EndProject
Project("{FAE04EC0-301F-11D3-BF4B-00C04F79EFBC}") = "MySchoolWebApplication.Data", "MySchoolWebApplication.Data\MySchoolWebApplication.Data.csproj", "{B0CBAB22-93EE-48C2-ABFC-E5ED7B240232}"
EndProject
Global
	GlobalSection(SolutionConfigurationPlatforms) = preSolution
		Debug|Any CPU = Debug|Any CPU
		Release|Any CPU = Release|Any CPU
	EndGlobalSection
	GlobalSection(ProjectConfigurationPlatforms) = postSolution
		{4227E541-90EA-4EC8-A9CF-D95F4575D821}.Debug|Any CPU.ActiveCfg = Debug|Any CPU
		{4227E541-90EA-4EC8-A9CF-D95F4575D821}.Debug|Any CPU.Build.0 = Debug|Any CPU
		{4227E541-90EA-4EC8-A9CF-D95F4575D821}.Release|Any CPU.ActiveCfg = Release|Any CPU
		{4227E541-90EA-4EC8-A9CF-D95F4575D821}.Release|Any CPU.Build.0 = Release|Any CPU
		{B0CBAB22-93EE-48C2-ABFC-E5ED7B240232}.Debug|Any CPU.ActiveCfg = Debug|Any CPU
		{B0CBAB22-93EE-48C2-ABFC-E5ED7B240232}.Debug|Any CPU.Build.0 = Debug|Any CPU
		{B0CBAB22-93EE-48C2-ABFC-E5ED7B240232}.Release|Any CPU.ActiveCfg = Release|Any CPU
		{B0CBAB22-93EE-48C2-ABFC-E5ED7B240232}.Release|Any CPU.Build.0 = Release|Any CPU
	EndGlobalSection
	GlobalSection(SolutionProperties) = preSolution
		HideSolutionNode = FALSE
	EndGlobalSection
	GlobalSection(ExtensibilityGlobals) = postSolution
		SolutionGuid = {E7D9E50C-A916-4814-8EB1-8F0D4B9DE0AD}
	EndGlobalSection
EndGlobal
