
Microsoft Visual Studio Solution File, Format Version 12.00
# Visual Studio Version 17
VisualStudioVersion = 17.7.34003.232
MinimumVisualStudioVersion = 10.0.40219.1
Project("{FAE04EC0-301F-11D3-BF4B-00C04F79EFBC}") = "01. Match Full Name", "01. Match Full Name\01. Match Full Name.csproj", "{71955275-79B7-426F-80B5-77F2DCA22C95}"
EndProject
Project("{FAE04EC0-301F-11D3-BF4B-00C04F79EFBC}") = "02. Match Phone Number", "02. Match Phone Number\02. Match Phone Number.csproj", "{7A8E868C-13AD-43E6-A117-ED0241211C72}"
EndProject
Project("{FAE04EC0-301F-11D3-BF4B-00C04F79EFBC}") = "03. Match Dates", "03. Match Dates\03. Match Dates.csproj", "{9A8B74A8-307C-47EA-8F76-A8F97C59DE57}"
EndProject
Global
	GlobalSection(SolutionConfigurationPlatforms) = preSolution
		Debug|Any CPU = Debug|Any CPU
		Release|Any CPU = Release|Any CPU
	EndGlobalSection
	GlobalSection(ProjectConfigurationPlatforms) = postSolution
		{71955275-79B7-426F-80B5-77F2DCA22C95}.Debug|Any CPU.ActiveCfg = Debug|Any CPU
		{71955275-79B7-426F-80B5-77F2DCA22C95}.Debug|Any CPU.Build.0 = Debug|Any CPU
		{71955275-79B7-426F-80B5-77F2DCA22C95}.Release|Any CPU.ActiveCfg = Release|Any CPU
		{71955275-79B7-426F-80B5-77F2DCA22C95}.Release|Any CPU.Build.0 = Release|Any CPU
		{7A8E868C-13AD-43E6-A117-ED0241211C72}.Debug|Any CPU.ActiveCfg = Debug|Any CPU
		{7A8E868C-13AD-43E6-A117-ED0241211C72}.Debug|Any CPU.Build.0 = Debug|Any CPU
		{7A8E868C-13AD-43E6-A117-ED0241211C72}.Release|Any CPU.ActiveCfg = Release|Any CPU
		{7A8E868C-13AD-43E6-A117-ED0241211C72}.Release|Any CPU.Build.0 = Release|Any CPU
		{9A8B74A8-307C-47EA-8F76-A8F97C59DE57}.Debug|Any CPU.ActiveCfg = Debug|Any CPU
		{9A8B74A8-307C-47EA-8F76-A8F97C59DE57}.Debug|Any CPU.Build.0 = Debug|Any CPU
		{9A8B74A8-307C-47EA-8F76-A8F97C59DE57}.Release|Any CPU.ActiveCfg = Release|Any CPU
		{9A8B74A8-307C-47EA-8F76-A8F97C59DE57}.Release|Any CPU.Build.0 = Release|Any CPU
	EndGlobalSection
	GlobalSection(SolutionProperties) = preSolution
		HideSolutionNode = FALSE
	EndGlobalSection
	GlobalSection(ExtensibilityGlobals) = postSolution
		SolutionGuid = {CDBB8D4A-EC7E-45D1-8613-6C783E2D4E2C}
	EndGlobalSection
EndGlobal
