
Microsoft Visual Studio Solution File, Format Version 12.00
# Visual Studio Version 17
VisualStudioVersion = 17.7.34003.232
MinimumVisualStudioVersion = 10.0.40219.1
Project("{9A19103F-16F7-4668-BE54-9A1E7A4F7556}") = "01. Extract Person Information", "01. Extract Person Information\01. Extract Person Information.csproj", "{CDF8FAFF-9F9B-4AFF-8B0C-5036ECF424C2}"
EndProject
Project("{9A19103F-16F7-4668-BE54-9A1E7A4F7556}") = "02. Ascii Sumator", "02. Ascii Sumator\02. Ascii Sumator.csproj", "{AC8413C9-E7D5-4F6B-854B-94306D65669D}"
EndProject
Project("{9A19103F-16F7-4668-BE54-9A1E7A4F7556}") = "03. Treasure Finder", "03. Treasure Finder\03. Treasure Finder.csproj", "{8930C12E-59AC-4EEF-82FD-4DC4BB2B37FA}"
EndProject
Project("{FAE04EC0-301F-11D3-BF4B-00C04F79EFBC}") = "04. Morse Code Translator", "04. Morse Code Translator\04. Morse Code Translator.csproj", "{4ABBBF83-EC84-4FD6-9E62-34DE0CC0B29C}"
EndProject
Project("{FAE04EC0-301F-11D3-BF4B-00C04F79EFBC}") = "05. HTML", "05. HTML\05. HTML.csproj", "{2D74AB4A-2F7F-4D12-A244-67E3685BC30C}"
EndProject
Global
	GlobalSection(SolutionConfigurationPlatforms) = preSolution
		Debug|Any CPU = Debug|Any CPU
		Release|Any CPU = Release|Any CPU
	EndGlobalSection
	GlobalSection(ProjectConfigurationPlatforms) = postSolution
		{CDF8FAFF-9F9B-4AFF-8B0C-5036ECF424C2}.Debug|Any CPU.ActiveCfg = Debug|Any CPU
		{CDF8FAFF-9F9B-4AFF-8B0C-5036ECF424C2}.Debug|Any CPU.Build.0 = Debug|Any CPU
		{CDF8FAFF-9F9B-4AFF-8B0C-5036ECF424C2}.Release|Any CPU.ActiveCfg = Release|Any CPU
		{CDF8FAFF-9F9B-4AFF-8B0C-5036ECF424C2}.Release|Any CPU.Build.0 = Release|Any CPU
		{AC8413C9-E7D5-4F6B-854B-94306D65669D}.Debug|Any CPU.ActiveCfg = Debug|Any CPU
		{AC8413C9-E7D5-4F6B-854B-94306D65669D}.Debug|Any CPU.Build.0 = Debug|Any CPU
		{AC8413C9-E7D5-4F6B-854B-94306D65669D}.Release|Any CPU.ActiveCfg = Release|Any CPU
		{AC8413C9-E7D5-4F6B-854B-94306D65669D}.Release|Any CPU.Build.0 = Release|Any CPU
		{8930C12E-59AC-4EEF-82FD-4DC4BB2B37FA}.Debug|Any CPU.ActiveCfg = Debug|Any CPU
		{8930C12E-59AC-4EEF-82FD-4DC4BB2B37FA}.Debug|Any CPU.Build.0 = Debug|Any CPU
		{8930C12E-59AC-4EEF-82FD-4DC4BB2B37FA}.Release|Any CPU.ActiveCfg = Release|Any CPU
		{8930C12E-59AC-4EEF-82FD-4DC4BB2B37FA}.Release|Any CPU.Build.0 = Release|Any CPU
		{4ABBBF83-EC84-4FD6-9E62-34DE0CC0B29C}.Debug|Any CPU.ActiveCfg = Debug|Any CPU
		{4ABBBF83-EC84-4FD6-9E62-34DE0CC0B29C}.Debug|Any CPU.Build.0 = Debug|Any CPU
		{4ABBBF83-EC84-4FD6-9E62-34DE0CC0B29C}.Release|Any CPU.ActiveCfg = Release|Any CPU
		{4ABBBF83-EC84-4FD6-9E62-34DE0CC0B29C}.Release|Any CPU.Build.0 = Release|Any CPU
		{2D74AB4A-2F7F-4D12-A244-67E3685BC30C}.Debug|Any CPU.ActiveCfg = Debug|Any CPU
		{2D74AB4A-2F7F-4D12-A244-67E3685BC30C}.Debug|Any CPU.Build.0 = Debug|Any CPU
		{2D74AB4A-2F7F-4D12-A244-67E3685BC30C}.Release|Any CPU.ActiveCfg = Release|Any CPU
		{2D74AB4A-2F7F-4D12-A244-67E3685BC30C}.Release|Any CPU.Build.0 = Release|Any CPU
	EndGlobalSection
	GlobalSection(SolutionProperties) = preSolution
		HideSolutionNode = FALSE
	EndGlobalSection
	GlobalSection(ExtensibilityGlobals) = postSolution
		SolutionGuid = {520D6FAB-1BCC-4664-B11D-889069BF54FE}
	EndGlobalSection
EndGlobal
